
Microsoft Visual Studio Solution File, Format Version 12.00
# Visual Studio 14
VisualStudioVersion = 14.0.25420.1
MinimumVisualStudioVersion = 10.0.40219.1
Project("{FAE04EC0-301F-11D3-BF4B-00C04F79EFBC}") = "PentaStagione.Services.Contracts", "PentaStagione.Services.Contracts\PentaStagione.Services.Contracts.csproj", "{2540E6D6-1999-4876-B7F9-2C03D7314B53}"
EndProject
Project("{FAE04EC0-301F-11D3-BF4B-00C04F79EFBC}") = "PentaStagione.Repository.Contracts", "PentaStagione.Repository.Contracts\PentaStagione.Repository.Contracts.csproj", "{A12CAED0-C4BD-44B3-8419-CBE11E16A112}"
EndProject
Project("{FAE04EC0-301F-11D3-BF4B-00C04F79EFBC}") = "PentaStagione.Domain", "PentaStagione.Domain\PentaStagione.Domain.csproj", "{7BB3FC1C-1C72-480A-9346-4D15610166F1}"
EndProject
Project("{FAE04EC0-301F-11D3-BF4B-00C04F79EFBC}") = "PentaStagione.Services", "PentaStagione.Services\PentaStagione.Services.csproj", "{86F89F11-3E6A-45A3-8944-A6FF4A5B7450}"
EndProject
Project("{FAE04EC0-301F-11D3-BF4B-00C04F79EFBC}") = "PentaStagione.Repository.Dapper", "PentaStagione.Repository.Dapper\PentaStagione.Repository.Dapper.csproj", "{0A74EB9A-B924-45CB-80E6-4BFD0648FF72}"
EndProject
Project("{FAE04EC0-301F-11D3-BF4B-00C04F79EFBC}") = "PentaStagione.Repository.EntityFramwork", "PentaStagione.Repository.EntityFramwork\PentaStagione.Repository.EntityFramwork.csproj", "{2F47F18E-4E5E-4468-B137-A6DAF93FA581}"
EndProject
Project("{FAE04EC0-301F-11D3-BF4B-00C04F79EFBC}") = "PentaStagione.Infrastracture", "PentaStagione.Infrastracture\PentaStagione.Infrastracture.csproj", "{333B0D66-E76B-4628-9574-DCAC2785277D}"
EndProject
Project("{FAE04EC0-301F-11D3-BF4B-00C04F79EFBC}") = "PentaStagione.Common", "PentaStagione.Common\PentaStagione.Common.csproj", "{BDECEF60-1497-458E-AB66-866EA0D60DD9}"
EndProject
Project("{FAE04EC0-301F-11D3-BF4B-00C04F79EFBC}") = "PentaStagione.WebSite1", "PentaStagione.WebSite1\PentaStagione.WebSite1.csproj", "{2A5799E9-1047-40DB-BE9B-1DCAD12D0201}"
EndProject
Project("{FAE04EC0-301F-11D3-BF4B-00C04F79EFBC}") = "PentaStagione.WebApi1", "PentaStagione.WebApi1\PentaStagione.WebApi1.csproj", "{0A6D1275-3482-4242-9279-492485954EAD}"
EndProject
Global
	GlobalSection(SolutionConfigurationPlatforms) = preSolution
		Debug|Any CPU = Debug|Any CPU
		Debug|ARM = Debug|ARM
		Debug|x64 = Debug|x64
		Debug|x86 = Debug|x86
		Release|Any CPU = Release|Any CPU
		Release|ARM = Release|ARM
		Release|x64 = Release|x64
		Release|x86 = Release|x86
	EndGlobalSection
	GlobalSection(ProjectConfigurationPlatforms) = postSolution
		{2540E6D6-1999-4876-B7F9-2C03D7314B53}.Debug|Any CPU.ActiveCfg = Debug|Any CPU
		{2540E6D6-1999-4876-B7F9-2C03D7314B53}.Debug|Any CPU.Build.0 = Debug|Any CPU
		{2540E6D6-1999-4876-B7F9-2C03D7314B53}.Debug|ARM.ActiveCfg = Debug|Any CPU
		{2540E6D6-1999-4876-B7F9-2C03D7314B53}.Debug|ARM.Build.0 = Debug|Any CPU
		{2540E6D6-1999-4876-B7F9-2C03D7314B53}.Debug|x64.ActiveCfg = Debug|Any CPU
		{2540E6D6-1999-4876-B7F9-2C03D7314B53}.Debug|x64.Build.0 = Debug|Any CPU
		{2540E6D6-1999-4876-B7F9-2C03D7314B53}.Debug|x86.ActiveCfg = Debug|Any CPU
		{2540E6D6-1999-4876-B7F9-2C03D7314B53}.Debug|x86.Build.0 = Debug|Any CPU
		{2540E6D6-1999-4876-B7F9-2C03D7314B53}.Release|Any CPU.ActiveCfg = Release|Any CPU
		{2540E6D6-1999-4876-B7F9-2C03D7314B53}.Release|Any CPU.Build.0 = Release|Any CPU
		{2540E6D6-1999-4876-B7F9-2C03D7314B53}.Release|ARM.ActiveCfg = Release|Any CPU
		{2540E6D6-1999-4876-B7F9-2C03D7314B53}.Release|ARM.Build.0 = Release|Any CPU
		{2540E6D6-1999-4876-B7F9-2C03D7314B53}.Release|x64.ActiveCfg = Release|Any CPU
		{2540E6D6-1999-4876-B7F9-2C03D7314B53}.Release|x64.Build.0 = Release|Any CPU
		{2540E6D6-1999-4876-B7F9-2C03D7314B53}.Release|x86.ActiveCfg = Release|Any CPU
		{2540E6D6-1999-4876-B7F9-2C03D7314B53}.Release|x86.Build.0 = Release|Any CPU
		{A12CAED0-C4BD-44B3-8419-CBE11E16A112}.Debug|Any CPU.ActiveCfg = Debug|Any CPU
		{A12CAED0-C4BD-44B3-8419-CBE11E16A112}.Debug|Any CPU.Build.0 = Debug|Any CPU
		{A12CAED0-C4BD-44B3-8419-CBE11E16A112}.Debug|ARM.ActiveCfg = Debug|Any CPU
		{A12CAED0-C4BD-44B3-8419-CBE11E16A112}.Debug|ARM.Build.0 = Debug|Any CPU
		{A12CAED0-C4BD-44B3-8419-CBE11E16A112}.Debug|x64.ActiveCfg = Debug|Any CPU
		{A12CAED0-C4BD-44B3-8419-CBE11E16A112}.Debug|x64.Build.0 = Debug|Any CPU
		{A12CAED0-C4BD-44B3-8419-CBE11E16A112}.Debug|x86.ActiveCfg = Debug|Any CPU
		{A12CAED0-C4BD-44B3-8419-CBE11E16A112}.Debug|x86.Build.0 = Debug|Any CPU
		{A12CAED0-C4BD-44B3-8419-CBE11E16A112}.Release|Any CPU.ActiveCfg = Release|Any CPU
		{A12CAED0-C4BD-44B3-8419-CBE11E16A112}.Release|Any CPU.Build.0 = Release|Any CPU
		{A12CAED0-C4BD-44B3-8419-CBE11E16A112}.Release|ARM.ActiveCfg = Release|Any CPU
		{A12CAED0-C4BD-44B3-8419-CBE11E16A112}.Release|ARM.Build.0 = Release|Any CPU
		{A12CAED0-C4BD-44B3-8419-CBE11E16A112}.Release|x64.ActiveCfg = Release|Any CPU
		{A12CAED0-C4BD-44B3-8419-CBE11E16A112}.Release|x64.Build.0 = Release|Any CPU
		{A12CAED0-C4BD-44B3-8419-CBE11E16A112}.Release|x86.ActiveCfg = Release|Any CPU
		{A12CAED0-C4BD-44B3-8419-CBE11E16A112}.Release|x86.Build.0 = Release|Any CPU
		{7BB3FC1C-1C72-480A-9346-4D15610166F1}.Debug|Any CPU.ActiveCfg = Debug|Any CPU
		{7BB3FC1C-1C72-480A-9346-4D15610166F1}.Debug|Any CPU.Build.0 = Debug|Any CPU
		{7BB3FC1C-1C72-480A-9346-4D15610166F1}.Debug|ARM.ActiveCfg = Debug|Any CPU
		{7BB3FC1C-1C72-480A-9346-4D15610166F1}.Debug|ARM.Build.0 = Debug|Any CPU
		{7BB3FC1C-1C72-480A-9346-4D15610166F1}.Debug|x64.ActiveCfg = Debug|Any CPU
		{7BB3FC1C-1C72-480A-9346-4D15610166F1}.Debug|x64.Build.0 = Debug|Any CPU
		{7BB3FC1C-1C72-480A-9346-4D15610166F1}.Debug|x86.ActiveCfg = Debug|Any CPU
		{7BB3FC1C-1C72-480A-9346-4D15610166F1}.Debug|x86.Build.0 = Debug|Any CPU
		{7BB3FC1C-1C72-480A-9346-4D15610166F1}.Release|Any CPU.ActiveCfg = Release|Any CPU
		{7BB3FC1C-1C72-480A-9346-4D15610166F1}.Release|Any CPU.Build.0 = Release|Any CPU
		{7BB3FC1C-1C72-480A-9346-4D15610166F1}.Release|ARM.ActiveCfg = Release|Any CPU
		{7BB3FC1C-1C72-480A-9346-4D15610166F1}.Release|ARM.Build.0 = Release|Any CPU
		{7BB3FC1C-1C72-480A-9346-4D15610166F1}.Release|x64.ActiveCfg = Release|Any CPU
		{7BB3FC1C-1C72-480A-9346-4D15610166F1}.Release|x64.Build.0 = Release|Any CPU
		{7BB3FC1C-1C72-480A-9346-4D15610166F1}.Release|x86.ActiveCfg = Release|Any CPU
		{7BB3FC1C-1C72-480A-9346-4D15610166F1}.Release|x86.Build.0 = Release|Any CPU
		{86F89F11-3E6A-45A3-8944-A6FF4A5B7450}.Debug|Any CPU.ActiveCfg = Debug|Any CPU
		{86F89F11-3E6A-45A3-8944-A6FF4A5B7450}.Debug|Any CPU.Build.0 = Debug|Any CPU
		{86F89F11-3E6A-45A3-8944-A6FF4A5B7450}.Debug|ARM.ActiveCfg = Debug|Any CPU
		{86F89F11-3E6A-45A3-8944-A6FF4A5B7450}.Debug|ARM.Build.0 = Debug|Any CPU
		{86F89F11-3E6A-45A3-8944-A6FF4A5B7450}.Debug|x64.ActiveCfg = Debug|Any CPU
		{86F89F11-3E6A-45A3-8944-A6FF4A5B7450}.Debug|x64.Build.0 = Debug|Any CPU
		{86F89F11-3E6A-45A3-8944-A6FF4A5B7450}.Debug|x86.ActiveCfg = Debug|Any CPU
		{86F89F11-3E6A-45A3-8944-A6FF4A5B7450}.Debug|x86.Build.0 = Debug|Any CPU
		{86F89F11-3E6A-45A3-8944-A6FF4A5B7450}.Release|Any CPU.ActiveCfg = Release|Any CPU
		{86F89F11-3E6A-45A3-8944-A6FF4A5B7450}.Release|Any CPU.Build.0 = Release|Any CPU
		{86F89F11-3E6A-45A3-8944-A6FF4A5B7450}.Release|ARM.ActiveCfg = Release|Any CPU
		{86F89F11-3E6A-45A3-8944-A6FF4A5B7450}.Release|ARM.Build.0 = Release|Any CPU
		{86F89F11-3E6A-45A3-8944-A6FF4A5B7450}.Release|x64.ActiveCfg = Release|Any CPU
		{86F89F11-3E6A-45A3-8944-A6FF4A5B7450}.Release|x64.Build.0 = Release|Any CPU
		{86F89F11-3E6A-45A3-8944-A6FF4A5B7450}.Release|x86.ActiveCfg = Release|Any CPU
		{86F89F11-3E6A-45A3-8944-A6FF4A5B7450}.Release|x86.Build.0 = Release|Any CPU
		{0A74EB9A-B924-45CB-80E6-4BFD0648FF72}.Debug|Any CPU.ActiveCfg = Debug|Any CPU
		{0A74EB9A-B924-45CB-80E6-4BFD0648FF72}.Debug|Any CPU.Build.0 = Debug|Any CPU
		{0A74EB9A-B924-45CB-80E6-4BFD0648FF72}.Debug|ARM.ActiveCfg = Debug|Any CPU
		{0A74EB9A-B924-45CB-80E6-4BFD0648FF72}.Debug|ARM.Build.0 = Debug|Any CPU
		{0A74EB9A-B924-45CB-80E6-4BFD0648FF72}.Debug|x64.ActiveCfg = Debug|Any CPU
		{0A74EB9A-B924-45CB-80E6-4BFD0648FF72}.Debug|x64.Build.0 = Debug|Any CPU
		{0A74EB9A-B924-45CB-80E6-4BFD0648FF72}.Debug|x86.ActiveCfg = Debug|Any CPU
		{0A74EB9A-B924-45CB-80E6-4BFD0648FF72}.Debug|x86.Build.0 = Debug|Any CPU
		{0A74EB9A-B924-45CB-80E6-4BFD0648FF72}.Release|Any CPU.ActiveCfg = Release|Any CPU
		{0A74EB9A-B924-45CB-80E6-4BFD0648FF72}.Release|Any CPU.Build.0 = Release|Any CPU
		{0A74EB9A-B924-45CB-80E6-4BFD0648FF72}.Release|ARM.ActiveCfg = Release|Any CPU
		{0A74EB9A-B924-45CB-80E6-4BFD0648FF72}.Release|ARM.Build.0 = Release|Any CPU
		{0A74EB9A-B924-45CB-80E6-4BFD0648FF72}.Release|x64.ActiveCfg = Release|Any CPU
		{0A74EB9A-B924-45CB-80E6-4BFD0648FF72}.Release|x64.Build.0 = Release|Any CPU
		{0A74EB9A-B924-45CB-80E6-4BFD0648FF72}.Release|x86.ActiveCfg = Release|Any CPU
		{0A74EB9A-B924-45CB-80E6-4BFD0648FF72}.Release|x86.Build.0 = Release|Any CPU
		{2F47F18E-4E5E-4468-B137-A6DAF93FA581}.Debug|Any CPU.ActiveCfg = Debug|Any CPU
		{2F47F18E-4E5E-4468-B137-A6DAF93FA581}.Debug|Any CPU.Build.0 = Debug|Any CPU
		{2F47F18E-4E5E-4468-B137-A6DAF93FA581}.Debug|ARM.ActiveCfg = Debug|Any CPU
		{2F47F18E-4E5E-4468-B137-A6DAF93FA581}.Debug|ARM.Build.0 = Debug|Any CPU
		{2F47F18E-4E5E-4468-B137-A6DAF93FA581}.Debug|x64.ActiveCfg = Debug|Any CPU
		{2F47F18E-4E5E-4468-B137-A6DAF93FA581}.Debug|x64.Build.0 = Debug|Any CPU
		{2F47F18E-4E5E-4468-B137-A6DAF93FA581}.Debug|x86.ActiveCfg = Debug|Any CPU
		{2F47F18E-4E5E-4468-B137-A6DAF93FA581}.Debug|x86.Build.0 = Debug|Any CPU
		{2F47F18E-4E5E-4468-B137-A6DAF93FA581}.Release|Any CPU.ActiveCfg = Release|Any CPU
		{2F47F18E-4E5E-4468-B137-A6DAF93FA581}.Release|Any CPU.Build.0 = Release|Any CPU
		{2F47F18E-4E5E-4468-B137-A6DAF93FA581}.Release|ARM.ActiveCfg = Release|Any CPU
		{2F47F18E-4E5E-4468-B137-A6DAF93FA581}.Release|ARM.Build.0 = Release|Any CPU
		{2F47F18E-4E5E-4468-B137-A6DAF93FA581}.Release|x64.ActiveCfg = Release|Any CPU
		{2F47F18E-4E5E-4468-B137-A6DAF93FA581}.Release|x64.Build.0 = Release|Any CPU
		{2F47F18E-4E5E-4468-B137-A6DAF93FA581}.Release|x86.ActiveCfg = Release|Any CPU
		{2F47F18E-4E5E-4468-B137-A6DAF93FA581}.Release|x86.Build.0 = Release|Any CPU
		{333B0D66-E76B-4628-9574-DCAC2785277D}.Debug|Any CPU.ActiveCfg = Debug|Any CPU
		{333B0D66-E76B-4628-9574-DCAC2785277D}.Debug|Any CPU.Build.0 = Debug|Any CPU
		{333B0D66-E76B-4628-9574-DCAC2785277D}.Debug|ARM.ActiveCfg = Debug|Any CPU
		{333B0D66-E76B-4628-9574-DCAC2785277D}.Debug|ARM.Build.0 = Debug|Any CPU
		{333B0D66-E76B-4628-9574-DCAC2785277D}.Debug|x64.ActiveCfg = Debug|Any CPU
		{333B0D66-E76B-4628-9574-DCAC2785277D}.Debug|x64.Build.0 = Debug|Any CPU
		{333B0D66-E76B-4628-9574-DCAC2785277D}.Debug|x86.ActiveCfg = Debug|Any CPU
		{333B0D66-E76B-4628-9574-DCAC2785277D}.Debug|x86.Build.0 = Debug|Any CPU
		{333B0D66-E76B-4628-9574-DCAC2785277D}.Release|Any CPU.ActiveCfg = Release|Any CPU
		{333B0D66-E76B-4628-9574-DCAC2785277D}.Release|Any CPU.Build.0 = Release|Any CPU
		{333B0D66-E76B-4628-9574-DCAC2785277D}.Release|ARM.ActiveCfg = Release|Any CPU
		{333B0D66-E76B-4628-9574-DCAC2785277D}.Release|ARM.Build.0 = Release|Any CPU
		{333B0D66-E76B-4628-9574-DCAC2785277D}.Release|x64.ActiveCfg = Release|Any CPU
		{333B0D66-E76B-4628-9574-DCAC2785277D}.Release|x64.Build.0 = Release|Any CPU
		{333B0D66-E76B-4628-9574-DCAC2785277D}.Release|x86.ActiveCfg = Release|Any CPU
		{333B0D66-E76B-4628-9574-DCAC2785277D}.Release|x86.Build.0 = Release|Any CPU
		{BDECEF60-1497-458E-AB66-866EA0D60DD9}.Debug|Any CPU.ActiveCfg = Debug|Any CPU
		{BDECEF60-1497-458E-AB66-866EA0D60DD9}.Debug|Any CPU.Build.0 = Debug|Any CPU
		{BDECEF60-1497-458E-AB66-866EA0D60DD9}.Debug|ARM.ActiveCfg = Debug|Any CPU
		{BDECEF60-1497-458E-AB66-866EA0D60DD9}.Debug|ARM.Build.0 = Debug|Any CPU
		{BDECEF60-1497-458E-AB66-866EA0D60DD9}.Debug|x64.ActiveCfg = Debug|Any CPU
		{BDECEF60-1497-458E-AB66-866EA0D60DD9}.Debug|x64.Build.0 = Debug|Any CPU
		{BDECEF60-1497-458E-AB66-866EA0D60DD9}.Debug|x86.ActiveCfg = Debug|Any CPU
		{BDECEF60-1497-458E-AB66-866EA0D60DD9}.Debug|x86.Build.0 = Debug|Any CPU
		{BDECEF60-1497-458E-AB66-866EA0D60DD9}.Release|Any CPU.ActiveCfg = Release|Any CPU
		{BDECEF60-1497-458E-AB66-866EA0D60DD9}.Release|Any CPU.Build.0 = Release|Any CPU
		{BDECEF60-1497-458E-AB66-866EA0D60DD9}.Release|ARM.ActiveCfg = Release|Any CPU
		{BDECEF60-1497-458E-AB66-866EA0D60DD9}.Release|ARM.Build.0 = Release|Any CPU
		{BDECEF60-1497-458E-AB66-866EA0D60DD9}.Release|x64.ActiveCfg = Release|Any CPU
		{BDECEF60-1497-458E-AB66-866EA0D60DD9}.Release|x64.Build.0 = Release|Any CPU
		{BDECEF60-1497-458E-AB66-866EA0D60DD9}.Release|x86.ActiveCfg = Release|Any CPU
		{BDECEF60-1497-458E-AB66-866EA0D60DD9}.Release|x86.Build.0 = Release|Any CPU
		{2A5799E9-1047-40DB-BE9B-1DCAD12D0201}.Debug|Any CPU.ActiveCfg = Debug|Any CPU
		{2A5799E9-1047-40DB-BE9B-1DCAD12D0201}.Debug|Any CPU.Build.0 = Debug|Any CPU
		{2A5799E9-1047-40DB-BE9B-1DCAD12D0201}.Debug|ARM.ActiveCfg = Debug|Any CPU
		{2A5799E9-1047-40DB-BE9B-1DCAD12D0201}.Debug|ARM.Build.0 = Debug|Any CPU
		{2A5799E9-1047-40DB-BE9B-1DCAD12D0201}.Debug|x64.ActiveCfg = Debug|Any CPU
		{2A5799E9-1047-40DB-BE9B-1DCAD12D0201}.Debug|x64.Build.0 = Debug|Any CPU
		{2A5799E9-1047-40DB-BE9B-1DCAD12D0201}.Debug|x86.ActiveCfg = Debug|Any CPU
		{2A5799E9-1047-40DB-BE9B-1DCAD12D0201}.Debug|x86.Build.0 = Debug|Any CPU
		{2A5799E9-1047-40DB-BE9B-1DCAD12D0201}.Release|Any CPU.ActiveCfg = Release|Any CPU
		{2A5799E9-1047-40DB-BE9B-1DCAD12D0201}.Release|Any CPU.Build.0 = Release|Any CPU
		{2A5799E9-1047-40DB-BE9B-1DCAD12D0201}.Release|ARM.ActiveCfg = Release|Any CPU
		{2A5799E9-1047-40DB-BE9B-1DCAD12D0201}.Release|ARM.Build.0 = Release|Any CPU
		{2A5799E9-1047-40DB-BE9B-1DCAD12D0201}.Release|x64.ActiveCfg = Release|Any CPU
		{2A5799E9-1047-40DB-BE9B-1DCAD12D0201}.Release|x64.Build.0 = Release|Any CPU
		{2A5799E9-1047-40DB-BE9B-1DCAD12D0201}.Release|x86.ActiveCfg = Release|Any CPU
		{2A5799E9-1047-40DB-BE9B-1DCAD12D0201}.Release|x86.Build.0 = Release|Any CPU
		{0A6D1275-3482-4242-9279-492485954EAD}.Debug|Any CPU.ActiveCfg = Debug|Any CPU
		{0A6D1275-3482-4242-9279-492485954EAD}.Debug|Any CPU.Build.0 = Debug|Any CPU
		{0A6D1275-3482-4242-9279-492485954EAD}.Debug|ARM.ActiveCfg = Debug|Any CPU
		{0A6D1275-3482-4242-9279-492485954EAD}.Debug|ARM.Build.0 = Debug|Any CPU
		{0A6D1275-3482-4242-9279-492485954EAD}.Debug|x64.ActiveCfg = Debug|Any CPU
		{0A6D1275-3482-4242-9279-492485954EAD}.Debug|x64.Build.0 = Debug|Any CPU
		{0A6D1275-3482-4242-9279-492485954EAD}.Debug|x86.ActiveCfg = Debug|Any CPU
		{0A6D1275-3482-4242-9279-492485954EAD}.Debug|x86.Build.0 = Debug|Any CPU
		{0A6D1275-3482-4242-9279-492485954EAD}.Release|Any CPU.ActiveCfg = Release|Any CPU
		{0A6D1275-3482-4242-9279-492485954EAD}.Release|Any CPU.Build.0 = Release|Any CPU
		{0A6D1275-3482-4242-9279-492485954EAD}.Release|ARM.ActiveCfg = Release|Any CPU
		{0A6D1275-3482-4242-9279-492485954EAD}.Release|ARM.Build.0 = Release|Any CPU
		{0A6D1275-3482-4242-9279-492485954EAD}.Release|x64.ActiveCfg = Release|Any CPU
		{0A6D1275-3482-4242-9279-492485954EAD}.Release|x64.Build.0 = Release|Any CPU
		{0A6D1275-3482-4242-9279-492485954EAD}.Release|x86.ActiveCfg = Release|Any CPU
		{0A6D1275-3482-4242-9279-492485954EAD}.Release|x86.Build.0 = Release|Any CPU
	EndGlobalSection
	GlobalSection(SolutionProperties) = preSolution
		HideSolutionNode = FALSE
	EndGlobalSection
EndGlobal
